{
  "version": "5",
  "specifiers": {
    "jsr:@std/assert@*": "1.0.19",
    "jsr:@std/internal@^1.0.12": "1.0.12",
    "npm:@discordjs/core@^1.2.0": "1.2.0",
    "npm:@discordjs/rest@^2.3.0": "2.6.0",
    "npm:discord-api-types@~0.37.83": "0.37.120"
  },
  "jsr": {
    "@std/assert@1.0.19": {
      "integrity": "eaada96ee120cb980bc47e040f82814d786fe8162ecc53c91d8df60b8755991e",
      "dependencies": [
        "jsr:@std/internal"
      ]
    },
    "@std/internal@1.0.12": {
      "integrity": "972a634fd5bc34b242024402972cd5143eac68d8dffaca5eaa4dba30ce17b027"
    }
  },
  "npm": {
    "@discordjs/collection@2.1.1": {
      "integrity": "sha512-LiSusze9Tc7qF03sLCujF5iZp7K+vRNEDBZ86FT9aQAv3vxMLihUvKvpsCWiQ2DJq1tVckopKm1rxomgNUc9hg=="
    },
    "@discordjs/core@1.2.0": {
      "integrity": "sha512-Swnw6OJXkY+n+Kh/HjAsC52poaxSRRr+vFO7EzPtKJ7MF+3KyhfvsN2r4bH5NTvossoHPExw3Pcq+9pKwmK8/Q==",
      "dependencies": [
        "@discordjs/rest",
        "@discordjs/util",
        "@discordjs/ws",
        "@sapphire/snowflake",
        "@vladfrangu/async_event_emitter",
        "discord-api-types@0.37.83"
      ]
    },
    "@discordjs/rest@2.6.0": {
      "integrity": "sha512-RDYrhmpB7mTvmCKcpj+pc5k7POKszS4E2O9TYc+U+Y4iaCP+r910QdO43qmpOja8LRr1RJ0b3U+CqVsnPqzf4w==",
      "dependencies": [
        "@discordjs/collection",
        "@discordjs/util",
        "@sapphire/async-queue",
        "@sapphire/snowflake",
        "@vladfrangu/async_event_emitter",
        "discord-api-types@0.38.40",
        "magic-bytes.js",
        "tslib",
        "undici"
      ]
    },
    "@discordjs/util@1.2.0": {
      "integrity": "sha512-3LKP7F2+atl9vJFhaBjn4nOaSWahZ/yWjOvA4e5pnXkt2qyXRCHLxoBQy81GFtLGCq7K9lPm9R517M1U+/90Qg==",
      "dependencies": [
        "discord-api-types@0.38.40"
      ]
    },
    "@discordjs/ws@1.2.3": {
      "integrity": "sha512-wPlQDxEmlDg5IxhJPuxXr3Vy9AjYq5xCvFWGJyD7w7Np8ZGu+Mc+97LCoEc/+AYCo2IDpKioiH0/c/mj5ZR9Uw==",
      "dependencies": [
        "@discordjs/collection",
        "@discordjs/rest",
        "@discordjs/util",
        "@sapphire/async-queue",
        "@types/ws",
        "@vladfrangu/async_event_emitter",
        "discord-api-types@0.38.40",
        "tslib",
        "ws"
      ]
    },
    "@sapphire/async-queue@1.5.5": {
      "integrity": "sha512-cvGzxbba6sav2zZkH8GPf2oGk9yYoD5qrNWdu9fRehifgnFZJMV+nuy2nON2roRO4yQQ+v7MK/Pktl/HgfsUXg=="
    },
    "@sapphire/snowflake@3.5.5": {
      "integrity": "sha512-xzvBr1Q1c4lCe7i6sRnrofxeO1QTP/LKQ6A6qy0iB4x5yfiSfARMEQEghojzTNALDTcv8En04qYNIco9/K9eZQ=="
    },
    "@types/node@25.3.0": {
      "integrity": "sha512-4K3bqJpXpqfg2XKGK9bpDTc6xO/xoUP/RBWS7AtRMug6zZFaRekiLzjVtAoZMquxoAbzBvy5nxQ7veS5eYzf8A==",
      "dependencies": [
        "undici-types"
      ]
    },
    "@types/ws@8.18.1": {
      "integrity": "sha512-ThVF6DCVhA8kUGy+aazFQ4kXQ7E1Ty7A3ypFOe0IcJV8O/M511G99AW24irKrW56Wt44yG9+ij8FaqoBGkuBXg==",
      "dependencies": [
        "@types/node"
      ]
    },
    "@vladfrangu/async_event_emitter@2.4.7": {
      "integrity": "sha512-Xfe6rpCTxSxfbswi/W/Pz7zp1WWSNn4A0eW4mLkQUewCrXXtMj31lCg+iQyTkh/CkusZSq9eDflu7tjEDXUY6g=="
    },
    "discord-api-types@0.37.120": {
      "integrity": "sha512-7xpNK0EiWjjDFp2nAhHXezE4OUWm7s1zhc/UXXN6hnFFU8dfoPHgV0Hx0RPiCa3ILRpdeh152icc68DGCyXYIw=="
    },
    "discord-api-types@0.37.83": {
      "integrity": "sha512-urGGYeWtWNYMKnYlZnOnDHm8fVRffQs3U0SpE8RHeiuLKb/u92APS8HoQnPTFbnXmY1vVnXjXO4dOxcAn3J+DA=="
    },
    "discord-api-types@0.38.40": {
      "integrity": "sha512-P/His8cotqZgQqrt+hzrocp9L8RhQQz1GkrCnC9TMJ8Uw2q0tg8YyqJyGULxhXn/8kxHETN4IppmOv+P2m82lQ=="
    },
    "magic-bytes.js@1.13.0": {
      "integrity": "sha512-afO2mnxW7GDTXMm5/AoN1WuOcdoKhtgXjIvHmobqTD1grNplhGdv3PFOyjCVmrnOZBIT/gD/koDKpYG+0mvHcg=="
    },
    "tslib@2.8.1": {
      "integrity": "sha512-oJFu94HQb+KVduSUQL7wnpmqnfmLsOA/nAh6b6EH0wCEoK0/mPeXU6c3wKDV83MkOuHPRHtSXKKU99IBazS/2w=="
    },
    "undici-types@7.18.2": {
      "integrity": "sha512-AsuCzffGHJybSaRrmr5eHr81mwJU3kjw6M+uprWvCXiNeN9SOGwQ3Jn8jb8m3Z6izVgknn1R0FTCEAP2QrLY/w=="
    },
    "undici@6.21.3": {
      "integrity": "sha512-gBLkYIlEnSp8pFbT64yFgGE6UIB9tAkhukC23PmMDCe5Nd+cRqKxSjw5y54MK2AZMgZfJWMaNE4nYUHgi1XEOw=="
    },
    "ws@8.19.0": {
      "integrity": "sha512-blAT2mjOEIi0ZzruJfIhb3nps74PRWTCz1IjglWEEpQl5XS/UNama6u2/rjFkDDouqr4L67ry+1aGIALViWjDg=="
    }
  },
  "workspace": {
    "dependencies": [
      "npm:@discordjs/core@^1.2.0",
      "npm:@discordjs/rest@^2.3.0",
      "npm:discord-api-types@~0.37.83"
    ]
  }
}
